
Microsoft Visual Studio Solution File, Format Version 12.00
# Visual Studio 2012
Project("{FAE04EC0-301F-11D3-BF4B-00C04F79EFBC}") = "XamarinFormsViews", "XamarinFormsViews\XamarinFormsViews.csproj", "{CD0D9C04-1223-44A6-99BA-F7C6616BD75A}"
EndProject
Project("{FAE04EC0-301F-11D3-BF4B-00C04F79EFBC}") = "XamarinFormsViews.iOS", "iOS\XamarinFormsViews.iOS.csproj", "{9E955BE0-F08B-4EB3-A940-60B3D0E5D9E0}"
EndProject
Project("{FAE04EC0-301F-11D3-BF4B-00C04F79EFBC}") = "XamarinFormsViews.Droid", "Droid\XamarinFormsViews.Droid.csproj", "{DE53AC4A-58D0-42AD-9368-7F342D389637}"
EndProject
Global
	GlobalSection(SolutionConfigurationPlatforms) = preSolution
		Debug|Any CPU = Debug|Any CPU
		Release|Any CPU = Release|Any CPU
		Debug|iPhoneSimulator = Debug|iPhoneSimulator
		Release|iPhoneSimulator = Release|iPhoneSimulator
		Debug|iPhone = Debug|iPhone
		Release|iPhone = Release|iPhone
		Ad-Hoc|iPhone = Ad-Hoc|iPhone
		AppStore|iPhone = AppStore|iPhone
	EndGlobalSection
	GlobalSection(ProjectConfigurationPlatforms) = postSolution
		{9E955BE0-F08B-4EB3-A940-60B3D0E5D9E0}.Ad-Hoc|iPhone.ActiveCfg = Ad-Hoc|iPhone
		{9E955BE0-F08B-4EB3-A940-60B3D0E5D9E0}.Ad-Hoc|iPhone.Build.0 = Ad-Hoc|iPhone
		{9E955BE0-F08B-4EB3-A940-60B3D0E5D9E0}.AppStore|iPhone.ActiveCfg = AppStore|iPhone
		{9E955BE0-F08B-4EB3-A940-60B3D0E5D9E0}.AppStore|iPhone.Build.0 = AppStore|iPhone
		{9E955BE0-F08B-4EB3-A940-60B3D0E5D9E0}.Debug|Any CPU.ActiveCfg = Debug|iPhoneSimulator
		{9E955BE0-F08B-4EB3-A940-60B3D0E5D9E0}.Debug|Any CPU.Build.0 = Debug|iPhoneSimulator
		{9E955BE0-F08B-4EB3-A940-60B3D0E5D9E0}.Debug|iPhone.ActiveCfg = Debug|iPhone
		{9E955BE0-F08B-4EB3-A940-60B3D0E5D9E0}.Debug|iPhone.Build.0 = Debug|iPhone
		{9E955BE0-F08B-4EB3-A940-60B3D0E5D9E0}.Debug|iPhoneSimulator.ActiveCfg = Debug|iPhoneSimulator
		{9E955BE0-F08B-4EB3-A940-60B3D0E5D9E0}.Debug|iPhoneSimulator.Build.0 = Debug|iPhoneSimulator
		{9E955BE0-F08B-4EB3-A940-60B3D0E5D9E0}.Release|Any CPU.ActiveCfg = Release|iPhoneSimulator
		{9E955BE0-F08B-4EB3-A940-60B3D0E5D9E0}.Release|Any CPU.Build.0 = Release|iPhoneSimulator
		{9E955BE0-F08B-4EB3-A940-60B3D0E5D9E0}.Release|iPhone.ActiveCfg = Release|iPhone
		{9E955BE0-F08B-4EB3-A940-60B3D0E5D9E0}.Release|iPhone.Build.0 = Release|iPhone
		{9E955BE0-F08B-4EB3-A940-60B3D0E5D9E0}.Release|iPhoneSimulator.ActiveCfg = Release|iPhoneSimulator
		{9E955BE0-F08B-4EB3-A940-60B3D0E5D9E0}.Release|iPhoneSimulator.Build.0 = Release|iPhoneSimulator
		{CD0D9C04-1223-44A6-99BA-F7C6616BD75A}.Ad-Hoc|iPhone.ActiveCfg = Debug|Any CPU
		{CD0D9C04-1223-44A6-99BA-F7C6616BD75A}.Ad-Hoc|iPhone.Build.0 = Debug|Any CPU
		{CD0D9C04-1223-44A6-99BA-F7C6616BD75A}.AppStore|iPhone.ActiveCfg = Debug|Any CPU
		{CD0D9C04-1223-44A6-99BA-F7C6616BD75A}.AppStore|iPhone.Build.0 = Debug|Any CPU
		{CD0D9C04-1223-44A6-99BA-F7C6616BD75A}.Debug|Any CPU.ActiveCfg = Debug|Any CPU
		{CD0D9C04-1223-44A6-99BA-F7C6616BD75A}.Debug|Any CPU.Build.0 = Debug|Any CPU
		{CD0D9C04-1223-44A6-99BA-F7C6616BD75A}.Debug|iPhone.ActiveCfg = Debug|Any CPU
		{CD0D9C04-1223-44A6-99BA-F7C6616BD75A}.Debug|iPhone.Build.0 = Debug|Any CPU
		{CD0D9C04-1223-44A6-99BA-F7C6616BD75A}.Debug|iPhoneSimulator.ActiveCfg = Debug|Any CPU
		{CD0D9C04-1223-44A6-99BA-F7C6616BD75A}.Debug|iPhoneSimulator.Build.0 = Debug|Any CPU
		{CD0D9C04-1223-44A6-99BA-F7C6616BD75A}.Release|Any CPU.ActiveCfg = Release|Any CPU
		{CD0D9C04-1223-44A6-99BA-F7C6616BD75A}.Release|Any CPU.Build.0 = Release|Any CPU
		{CD0D9C04-1223-44A6-99BA-F7C6616BD75A}.Release|iPhone.ActiveCfg = Release|Any CPU
		{CD0D9C04-1223-44A6-99BA-F7C6616BD75A}.Release|iPhone.Build.0 = Release|Any CPU
		{CD0D9C04-1223-44A6-99BA-F7C6616BD75A}.Release|iPhoneSimulator.ActiveCfg = Release|Any CPU
		{CD0D9C04-1223-44A6-99BA-F7C6616BD75A}.Release|iPhoneSimulator.Build.0 = Release|Any CPU
		{DE53AC4A-58D0-42AD-9368-7F342D389637}.Ad-Hoc|iPhone.ActiveCfg = Release|Any CPU
		{DE53AC4A-58D0-42AD-9368-7F342D389637}.Ad-Hoc|iPhone.Build.0 = Release|Any CPU
		{DE53AC4A-58D0-42AD-9368-7F342D389637}.AppStore|iPhone.ActiveCfg = Release|Any CPU
		{DE53AC4A-58D0-42AD-9368-7F342D389637}.AppStore|iPhone.Build.0 = Release|Any CPU
		{DE53AC4A-58D0-42AD-9368-7F342D389637}.Debug|Any CPU.ActiveCfg = Debug|Any CPU
		{DE53AC4A-58D0-42AD-9368-7F342D389637}.Debug|Any CPU.Build.0 = Debug|Any CPU
		{DE53AC4A-58D0-42AD-9368-7F342D389637}.Debug|iPhone.ActiveCfg = Debug|Any CPU
		{DE53AC4A-58D0-42AD-9368-7F342D389637}.Debug|iPhone.Build.0 = Debug|Any CPU
		{DE53AC4A-58D0-42AD-9368-7F342D389637}.Debug|iPhoneSimulator.ActiveCfg = Debug|Any CPU
		{DE53AC4A-58D0-42AD-9368-7F342D389637}.Debug|iPhoneSimulator.Build.0 = Debug|Any CPU
		{DE53AC4A-58D0-42AD-9368-7F342D389637}.Release|Any CPU.ActiveCfg = Release|Any CPU
		{DE53AC4A-58D0-42AD-9368-7F342D389637}.Release|Any CPU.Build.0 = Release|Any CPU
		{DE53AC4A-58D0-42AD-9368-7F342D389637}.Release|iPhone.ActiveCfg = Release|Any CPU
		{DE53AC4A-58D0-42AD-9368-7F342D389637}.Release|iPhone.Build.0 = Release|Any CPU
		{DE53AC4A-58D0-42AD-9368-7F342D389637}.Release|iPhoneSimulator.ActiveCfg = Release|Any CPU
		{DE53AC4A-58D0-42AD-9368-7F342D389637}.Release|iPhoneSimulator.Build.0 = Release|Any CPU
	EndGlobalSection
EndGlobal
