
Microsoft Visual Studio Solution File, Format Version 12.00
# Visual Studio 2012
Project("{FAE04EC0-301F-11D3-BF4B-00C04F79EFBC}") = "Styles", "Styles\Styles.csproj", "{492B7C99-2FCE-4589-98CB-EA5FEFE341AA}"
EndProject
Project("{FAE04EC0-301F-11D3-BF4B-00C04F79EFBC}") = "Styles.iOS", "iOS\Styles.iOS.csproj", "{482B7BA9-8190-48F2-A47A-29627E837BD2}"
EndProject
Project("{FAE04EC0-301F-11D3-BF4B-00C04F79EFBC}") = "Styles.Droid", "Droid\Styles.Droid.csproj", "{1BEAED67-0AD8-49F6-895E-3A4E7CFC90F5}"
EndProject
Global
	GlobalSection(SolutionConfigurationPlatforms) = preSolution
		Debug|Any CPU = Debug|Any CPU
		Release|Any CPU = Release|Any CPU
		Debug|iPhoneSimulator = Debug|iPhoneSimulator
		Release|iPhoneSimulator = Release|iPhoneSimulator
		Debug|iPhone = Debug|iPhone
		Release|iPhone = Release|iPhone
		Ad-Hoc|iPhone = Ad-Hoc|iPhone
		AppStore|iPhone = AppStore|iPhone
	EndGlobalSection
	GlobalSection(ProjectConfigurationPlatforms) = postSolution
		{1BEAED67-0AD8-49F6-895E-3A4E7CFC90F5}.Ad-Hoc|iPhone.ActiveCfg = Release|Any CPU
		{1BEAED67-0AD8-49F6-895E-3A4E7CFC90F5}.Ad-Hoc|iPhone.Build.0 = Release|Any CPU
		{1BEAED67-0AD8-49F6-895E-3A4E7CFC90F5}.AppStore|iPhone.ActiveCfg = Release|Any CPU
		{1BEAED67-0AD8-49F6-895E-3A4E7CFC90F5}.AppStore|iPhone.Build.0 = Release|Any CPU
		{1BEAED67-0AD8-49F6-895E-3A4E7CFC90F5}.Debug|Any CPU.ActiveCfg = Debug|Any CPU
		{1BEAED67-0AD8-49F6-895E-3A4E7CFC90F5}.Debug|Any CPU.Build.0 = Debug|Any CPU
		{1BEAED67-0AD8-49F6-895E-3A4E7CFC90F5}.Debug|iPhone.ActiveCfg = Debug|Any CPU
		{1BEAED67-0AD8-49F6-895E-3A4E7CFC90F5}.Debug|iPhone.Build.0 = Debug|Any CPU
		{1BEAED67-0AD8-49F6-895E-3A4E7CFC90F5}.Debug|iPhoneSimulator.ActiveCfg = Debug|Any CPU
		{1BEAED67-0AD8-49F6-895E-3A4E7CFC90F5}.Debug|iPhoneSimulator.Build.0 = Debug|Any CPU
		{1BEAED67-0AD8-49F6-895E-3A4E7CFC90F5}.Release|Any CPU.ActiveCfg = Release|Any CPU
		{1BEAED67-0AD8-49F6-895E-3A4E7CFC90F5}.Release|Any CPU.Build.0 = Release|Any CPU
		{1BEAED67-0AD8-49F6-895E-3A4E7CFC90F5}.Release|iPhone.ActiveCfg = Release|Any CPU
		{1BEAED67-0AD8-49F6-895E-3A4E7CFC90F5}.Release|iPhone.Build.0 = Release|Any CPU
		{1BEAED67-0AD8-49F6-895E-3A4E7CFC90F5}.Release|iPhoneSimulator.ActiveCfg = Release|Any CPU
		{1BEAED67-0AD8-49F6-895E-3A4E7CFC90F5}.Release|iPhoneSimulator.Build.0 = Release|Any CPU
		{482B7BA9-8190-48F2-A47A-29627E837BD2}.Ad-Hoc|iPhone.ActiveCfg = Ad-Hoc|iPhone
		{482B7BA9-8190-48F2-A47A-29627E837BD2}.Ad-Hoc|iPhone.Build.0 = Ad-Hoc|iPhone
		{482B7BA9-8190-48F2-A47A-29627E837BD2}.AppStore|iPhone.ActiveCfg = AppStore|iPhone
		{482B7BA9-8190-48F2-A47A-29627E837BD2}.AppStore|iPhone.Build.0 = AppStore|iPhone
		{482B7BA9-8190-48F2-A47A-29627E837BD2}.Debug|Any CPU.ActiveCfg = Debug|iPhoneSimulator
		{482B7BA9-8190-48F2-A47A-29627E837BD2}.Debug|Any CPU.Build.0 = Debug|iPhoneSimulator
		{482B7BA9-8190-48F2-A47A-29627E837BD2}.Debug|iPhone.ActiveCfg = Debug|iPhone
		{482B7BA9-8190-48F2-A47A-29627E837BD2}.Debug|iPhone.Build.0 = Debug|iPhone
		{482B7BA9-8190-48F2-A47A-29627E837BD2}.Debug|iPhoneSimulator.ActiveCfg = Debug|iPhoneSimulator
		{482B7BA9-8190-48F2-A47A-29627E837BD2}.Debug|iPhoneSimulator.Build.0 = Debug|iPhoneSimulator
		{482B7BA9-8190-48F2-A47A-29627E837BD2}.Release|Any CPU.ActiveCfg = Release|iPhoneSimulator
		{482B7BA9-8190-48F2-A47A-29627E837BD2}.Release|Any CPU.Build.0 = Release|iPhoneSimulator
		{482B7BA9-8190-48F2-A47A-29627E837BD2}.Release|iPhone.ActiveCfg = Release|iPhone
		{482B7BA9-8190-48F2-A47A-29627E837BD2}.Release|iPhone.Build.0 = Release|iPhone
		{482B7BA9-8190-48F2-A47A-29627E837BD2}.Release|iPhoneSimulator.ActiveCfg = Release|iPhoneSimulator
		{482B7BA9-8190-48F2-A47A-29627E837BD2}.Release|iPhoneSimulator.Build.0 = Release|iPhoneSimulator
		{492B7C99-2FCE-4589-98CB-EA5FEFE341AA}.Ad-Hoc|iPhone.ActiveCfg = Debug|Any CPU
		{492B7C99-2FCE-4589-98CB-EA5FEFE341AA}.Ad-Hoc|iPhone.Build.0 = Debug|Any CPU
		{492B7C99-2FCE-4589-98CB-EA5FEFE341AA}.AppStore|iPhone.ActiveCfg = Debug|Any CPU
		{492B7C99-2FCE-4589-98CB-EA5FEFE341AA}.AppStore|iPhone.Build.0 = Debug|Any CPU
		{492B7C99-2FCE-4589-98CB-EA5FEFE341AA}.Debug|Any CPU.ActiveCfg = Debug|Any CPU
		{492B7C99-2FCE-4589-98CB-EA5FEFE341AA}.Debug|Any CPU.Build.0 = Debug|Any CPU
		{492B7C99-2FCE-4589-98CB-EA5FEFE341AA}.Debug|iPhone.ActiveCfg = Debug|Any CPU
		{492B7C99-2FCE-4589-98CB-EA5FEFE341AA}.Debug|iPhone.Build.0 = Debug|Any CPU
		{492B7C99-2FCE-4589-98CB-EA5FEFE341AA}.Debug|iPhoneSimulator.ActiveCfg = Debug|Any CPU
		{492B7C99-2FCE-4589-98CB-EA5FEFE341AA}.Debug|iPhoneSimulator.Build.0 = Debug|Any CPU
		{492B7C99-2FCE-4589-98CB-EA5FEFE341AA}.Release|Any CPU.ActiveCfg = Release|Any CPU
		{492B7C99-2FCE-4589-98CB-EA5FEFE341AA}.Release|Any CPU.Build.0 = Release|Any CPU
		{492B7C99-2FCE-4589-98CB-EA5FEFE341AA}.Release|iPhone.ActiveCfg = Release|Any CPU
		{492B7C99-2FCE-4589-98CB-EA5FEFE341AA}.Release|iPhone.Build.0 = Release|Any CPU
		{492B7C99-2FCE-4589-98CB-EA5FEFE341AA}.Release|iPhoneSimulator.ActiveCfg = Release|Any CPU
		{492B7C99-2FCE-4589-98CB-EA5FEFE341AA}.Release|iPhoneSimulator.Build.0 = Release|Any CPU
	EndGlobalSection
EndGlobal
